
Microsoft Visual Studio Solution File, Format Version 12.00
# Visual Studio Version 16
VisualStudioVersion = 16.0.29001.49
MinimumVisualStudioVersion = 10.0.40219.1
Project("{8BC9CEB8-8B4A-11D0-8D11-00A0C91BC942}") = "windows", "src\windows\windows.vcxproj", "{CC6AA4C3-010E-4642-A0E7-85E29BF1755F}"
EndProject
Project("{8BC9CEB8-8B4A-11D0-8D11-00A0C91BC942}") = "pplib", "src\poison_picker\src\pplib\pplib.vcxproj", "{53F487D8-FDC2-45FD-B7F7-AECE308E0E5C}"
EndProject
Project("{8BC9CEB8-8B4A-11D0-8D11-00A0C91BC942}") = "poison_picker", "src\poison_picker\poison_picker.vcxproj", "{1AFA7D43-9826-4511-8F10-D29205A66B56}"
EndProject
Global
	GlobalSection(SolutionConfigurationPlatforms) = preSolution
		Debug|x64 = Debug|x64
		Debug|x86 = Debug|x86
		Release|x64 = Release|x64
		Release|x86 = Release|x86
	EndGlobalSection
	GlobalSection(ProjectConfigurationPlatforms) = postSolution
		{CC6AA4C3-010E-4642-A0E7-85E29BF1755F}.Debug|x64.ActiveCfg = Debug|x64
		{CC6AA4C3-010E-4642-A0E7-85E29BF1755F}.Debug|x64.Build.0 = Debug|x64
		{CC6AA4C3-010E-4642-A0E7-85E29BF1755F}.Debug|x86.ActiveCfg = Debug|Win32
		{CC6AA4C3-010E-4642-A0E7-85E29BF1755F}.Debug|x86.Build.0 = Debug|Win32
		{CC6AA4C3-010E-4642-A0E7-85E29BF1755F}.Release|x64.ActiveCfg = Release|x64
		{CC6AA4C3-010E-4642-A0E7-85E29BF1755F}.Release|x64.Build.0 = Release|x64
		{CC6AA4C3-010E-4642-A0E7-85E29BF1755F}.Release|x86.ActiveCfg = Release|Win32
		{CC6AA4C3-010E-4642-A0E7-85E29BF1755F}.Release|x86.Build.0 = Release|Win32
		{53F487D8-FDC2-45FD-B7F7-AECE308E0E5C}.Debug|x64.ActiveCfg = Debug|x64
		{53F487D8-FDC2-45FD-B7F7-AECE308E0E5C}.Debug|x64.Build.0 = Debug|x64
		{53F487D8-FDC2-45FD-B7F7-AECE308E0E5C}.Debug|x86.ActiveCfg = Debug|Win32
		{53F487D8-FDC2-45FD-B7F7-AECE308E0E5C}.Debug|x86.Build.0 = Debug|Win32
		{53F487D8-FDC2-45FD-B7F7-AECE308E0E5C}.Release|x64.ActiveCfg = Release|x64
		{53F487D8-FDC2-45FD-B7F7-AECE308E0E5C}.Release|x64.Build.0 = Release|x64
		{53F487D8-FDC2-45FD-B7F7-AECE308E0E5C}.Release|x86.ActiveCfg = Release|Win32
		{53F487D8-FDC2-45FD-B7F7-AECE308E0E5C}.Release|x86.Build.0 = Release|Win32
		{1AFA7D43-9826-4511-8F10-D29205A66B56}.Debug|x64.ActiveCfg = Debug|x64
		{1AFA7D43-9826-4511-8F10-D29205A66B56}.Debug|x64.Build.0 = Debug|x64
		{1AFA7D43-9826-4511-8F10-D29205A66B56}.Debug|x86.ActiveCfg = Debug|Win32
		{1AFA7D43-9826-4511-8F10-D29205A66B56}.Debug|x86.Build.0 = Debug|Win32
		{1AFA7D43-9826-4511-8F10-D29205A66B56}.Release|x64.ActiveCfg = Release|x64
		{1AFA7D43-9826-4511-8F10-D29205A66B56}.Release|x64.Build.0 = Release|x64
		{1AFA7D43-9826-4511-8F10-D29205A66B56}.Release|x86.ActiveCfg = Release|Win32
		{1AFA7D43-9826-4511-8F10-D29205A66B56}.Release|x86.Build.0 = Release|Win32
	EndGlobalSection
	GlobalSection(SolutionProperties) = preSolution
		HideSolutionNode = FALSE
	EndGlobalSection
	GlobalSection(ExtensibilityGlobals) = postSolution
		SolutionGuid = {070A46C6-F5AD-4BA1-AECB-D1D84841F188}
	EndGlobalSection
EndGlobal
