<?xml version="1.0" encoding="utf-8"?>
<Project ToolsVersion="4.0" xmlns="http://schemas.microsoft.com/developer/msbuild/2003">
  <ItemGroup>
    <Filter Include="graphics">
      <UniqueIdentifier>{36EF08BC-22BC-63C7-4BD5-516F37019955}</UniqueIdentifier>
    </Filter>
  </ItemGroup>
  <ItemGroup>
    <ClInclude Include="src\dashboard.h" />
    <ClInclude Include="src\debug.h" />
    <ClInclude Include="src\graphics\imgui_impl_glfw.h">
      <Filter>graphics</Filter>
    </ClInclude>
    <ClInclude Include="src\graphics\imgui_impl_opengl2.h">
      <Filter>graphics</Filter>
    </ClInclude>
    <ClInclude Include="src\graphics\renderer.h">
      <Filter>graphics</Filter>
    </ClInclude>
    <ClInclude Include="src\led_controller.h" />
  </ItemGroup>
  <ItemGroup>
    <ClCompile Include="src\graphics\imgui_impl_glfw.cpp">
      <Filter>graphics</Filter>
    </ClCompile>
    <ClCompile Include="src\graphics\imgui_impl_opengl2.cpp">
      <Filter>graphics</Filter>
    </ClCompile>
    <ClCompile Include="src\graphics\renderer.cpp">
      <Filter>graphics</Filter>
    </ClCompile>
    <ClCompile Include="src\main.cpp" />
  </ItemGroup>
</Project>